<?xml version="1.0" encoding="utf-8"?>
<Project ToolsVersion="4.0" xmlns="http://schemas.microsoft.com/developer/msbuild/2003">
  <ItemGroup>
    <Filter Include="Source Files">
      <UniqueIdentifier>{4FC737F1-C7A5-4376-A066-2A32D752A2FF}</UniqueIdentifier>
      <Extensions>cpp;c;cc;cxx;def;odl;idl;hpj;bat;asm;asmx</Extensions>
    </Filter>
    <Filter Include="Header Files">
      <UniqueIdentifier>{93995380-89BD-4b04-88EB-625FBE52EBFB}</UniqueIdentifier>
      <Extensions>h;hh;hpp;hxx;hm;inl;inc;ipp;xsd</Extensions>
    </Filter>
    <Filter Include="Resource Files">
      <UniqueIdentifier>{67DA6AB6-F800-4c08-8B7A-83BB121AAD01}</UniqueIdentifier>
      <Extensions>rc;ico;cur;bmp;dlg;rc2;rct;bin;rgs;gif;jpg;jpeg;jpe;resx;tiff;tif;png;wav;mfcribbon-ms</Extensions>
    </Filter>
    <Filter Include="Header Files\geometry">
      <UniqueIdentifier>{19dabb3c-bbd4-4fb1-849e-e87779c4bf83}</UniqueIdentifier>
    </Filter>
    <Filter Include="Header Files\math">
      <UniqueIdentifier>{e4c42f05-74c8-4f69-bcc0-d85070842ac3}</UniqueIdentifier>
    </Filter>
    <Filter Include="Source Files\geometry">
      <UniqueIdentifier>{bd3325db-94f3-4df8-b5b2-6b895a814b2c}</UniqueIdentifier>
    </Filter>
    <Filter Include="Source Files\math">
      <UniqueIdentifier>{82da7650-aab7-4e70-bc60-4afd262cf907}</UniqueIdentifier>
    </Filter>
    <Filter Include="Header Files\material">
      <UniqueIdentifier>{55dd5ee8-e105-401f-aedd-0cc09b039402}</UniqueIdentifier>
    </Filter>
    <Filter Include="Source Files\material">
      <UniqueIdentifier>{71ef8e63-4165-4f89-a44d-670fc990f74b}</UniqueIdentifier>
    </Filter>
    <Filter Include="Header Files\scene">
      <UniqueIdentifier>{3bc7d3f7-f92f-496f-bbaf-e33dbac78525}</UniqueIdentifier>
    </Filter>
    <Filter Include="Source Files\scene">
      <UniqueIdentifier>{a48b297e-5af0-4af6-b81e-29936c1938f4}</UniqueIdentifier>
    </Filter>
    <Filter Include="Header Files\ray-tracer">
      <UniqueIdentifier>{323d5e68-1381-4910-b41e-99bee1d8362c}</UniqueIdentifier>
    </Filter>
    <Filter Include="Source Files\ray-tracer">
      <UniqueIdentifier>{07af04a8-813c-4ae3-9c22-d5e083cf1520}</UniqueIdentifier>
    </Filter>
    <Filter Include="Header Files\memory-management">
      <UniqueIdentifier>{b8786211-b684-4d70-9979-06e59cf43c92}</UniqueIdentifier>
    </Filter>
    <Filter Include="Source Files\memory-management">
      <UniqueIdentifier>{9a29cc5f-8913-4a5c-8162-d29b2b91d03f}</UniqueIdentifier>
    </Filter>
    <Filter Include="Header Files\camera-emulation">
      <UniqueIdentifier>{fbc96ab6-d910-4226-943b-97fd60797150}</UniqueIdentifier>
    </Filter>
    <Filter Include="Source Files\camera-emulation">
      <UniqueIdentifier>{5c93d4f2-26d5-4c90-a691-2d0d05f0ec09}</UniqueIdentifier>
    </Filter>
    <Filter Include="Header Files\camera-emulation\lens-elements">
      <UniqueIdentifier>{ab8ec963-0e44-4390-8ff0-6bbe212db6fb}</UniqueIdentifier>
    </Filter>
    <Filter Include="Source Files\camera-emulation\lens-elements">
      <UniqueIdentifier>{50050aba-9b38-4bf3-8451-8aad7bdadfd8}</UniqueIdentifier>
    </Filter>
    <Filter Include="Header Files\camera-emulation\lenses">
      <UniqueIdentifier>{0626a23c-f4a2-4ded-9470-238b89b96cb3}</UniqueIdentifier>
    </Filter>
    <Filter Include="Header Files\camera-emulation\apertures">
      <UniqueIdentifier>{d775624a-5c3a-4369-b9f8-f0b6083897c2}</UniqueIdentifier>
    </Filter>
    <Filter Include="Source Files\camera-emulation\lenses">
      <UniqueIdentifier>{23e4a08a-e9e4-472c-b99f-090ee064042a}</UniqueIdentifier>
    </Filter>
    <Filter Include="Source Files\camera-emulation\apertures">
      <UniqueIdentifier>{39c44cb6-cdfb-43f5-93cb-6f92906e3f98}</UniqueIdentifier>
    </Filter>
    <Filter Include="Header Files\geometry\utilities">
      <UniqueIdentifier>{5a0b8afb-d82b-4dff-b4d9-7848b762aeed}</UniqueIdentifier>
    </Filter>
    <Filter Include="Source Files\geometry\utilities">
      <UniqueIdentifier>{aaf30593-12e3-46fa-86fe-20fbe7c73c41}</UniqueIdentifier>
    </Filter>
    <Filter Include="Source Files\ray-tracer\utilities">
      <UniqueIdentifier>{55481527-5116-4814-865e-b5d82d4250da}</UniqueIdentifier>
    </Filter>
    <Filter Include="Source Files\emitter">
      <UniqueIdentifier>{a37d86d9-3b6d-46bd-961a-d37f7068d57c}</UniqueIdentifier>
    </Filter>
    <Filter Include="Source Files\emitter\camera-ray-emitter">
      <UniqueIdentifier>{bb1535d4-93bb-4fab-8f6d-b6338ebec472}</UniqueIdentifier>
    </Filter>
    <Filter Include="Source Files\emitter\lens-camera-ray-emitter">
      <UniqueIdentifier>{793e53dd-56cc-44cc-acf4-7279d0504ed0}</UniqueIdentifier>
    </Filter>
    <Filter Include="Header Files\emitter">
      <UniqueIdentifier>{3f640e92-52bf-451a-af62-56c6dc2e9a7e}</UniqueIdentifier>
    </Filter>
    <Filter Include="Header Files\emitter\camera-ray-emitter">
      <UniqueIdentifier>{c1921a28-4ffa-456c-9e05-eb57c0a65d5b}</UniqueIdentifier>
    </Filter>
    <Filter Include="Header Files\emitter\lens-camera-ray-emitter">
      <UniqueIdentifier>{920c74e4-f5c0-47ee-9761-298194848d63}</UniqueIdentifier>
    </Filter>
    <Filter Include="Header Files\ray-tracer\utilities">
      <UniqueIdentifier>{4e28975c-2fd5-4d7e-be39-076e95f078b7}</UniqueIdentifier>
    </Filter>
    <Filter Include="Header Files\hardware-acceleration">
      <UniqueIdentifier>{6b0af5d4-62ac-4ebc-a2ad-060d86e82b6d}</UniqueIdentifier>
    </Filter>
    <Filter Include="Source Files\hardware-acceleration">
      <UniqueIdentifier>{b58b1ee1-883e-45dd-804b-1141eb5d4652}</UniqueIdentifier>
    </Filter>
    <Filter Include="Header Files\hardware-acceleration\opencl">
      <UniqueIdentifier>{3440456f-e4c6-4a6b-bfed-f810a521a952}</UniqueIdentifier>
    </Filter>
    <Filter Include="Source Files\hardware-acceleration\opencl">
      <UniqueIdentifier>{bc23332a-d66b-4601-9f6b-c2c5214577c1}</UniqueIdentifier>
    </Filter>
    <Filter Include="Header Files\debugging">
      <UniqueIdentifier>{bc21e97a-fde4-4d2b-a2f3-dd5cb8000a99}</UniqueIdentifier>
    </Filter>
    <Filter Include="Source Files\debugging">
      <UniqueIdentifier>{1e331fda-c582-4d9e-8625-21601eaaca88}</UniqueIdentifier>
    </Filter>
    <Filter Include="Header Files\debugging\path-recording">
      <UniqueIdentifier>{ca9ef1cb-9f3f-42fc-a171-25f134adba3d}</UniqueIdentifier>
    </Filter>
    <Filter Include="Source Files\debugging\path-recording">
      <UniqueIdentifier>{cd75f9ca-536c-4c17-bcf4-48ec539e0b11}</UniqueIdentifier>
    </Filter>
    <Filter Include="Header Files\manta">
      <UniqueIdentifier>{5fdfda90-0e17-44d9-b188-420de38668db}</UniqueIdentifier>
    </Filter>
    <Filter Include="Scripts">
      <UniqueIdentifier>{b45abf0e-3c9d-47cd-862f-e8742dceb52b}</UniqueIdentifier>
    </Filter>
    <Filter Include="OpenCL Programs">
      <UniqueIdentifier>{ff23a991-3a5f-40e8-adfd-7af0899831f2}</UniqueIdentifier>
    </Filter>
    <Filter Include="Header Files\output">
      <UniqueIdentifier>{21a944f2-b8e6-4bf7-b043-4ae32b2b02ee}</UniqueIdentifier>
    </Filter>
    <Filter Include="Source Files\output">
      <UniqueIdentifier>{89260930-fc47-4fab-b32c-743311ddf47f}</UniqueIdentifier>
    </Filter>
    <Filter Include="Source Files\spatial-partitioning">
      <UniqueIdentifier>{ca2f7598-9ead-4aff-a531-7571c897c85a}</UniqueIdentifier>
    </Filter>
    <Filter Include="Header Files\material\surface-modeling">
      <UniqueIdentifier>{489493f0-7612-4940-94ef-a32f113ba235}</UniqueIdentifier>
    </Filter>
    <Filter Include="Header Files\material\interface">
      <UniqueIdentifier>{4d8cc064-1f20-4a91-8978-af4bfa363cfc}</UniqueIdentifier>
    </Filter>
    <Filter Include="Header Files\material\interface\library">
      <UniqueIdentifier>{03921aff-b8f0-4ac0-a925-fe2fbadd8250}</UniqueIdentifier>
    </Filter>
    <Filter Include="Header Files\material\surface-modeling\bsdf">
      <UniqueIdentifier>{47fe389e-9c7f-4bb5-a435-93ea3835bae7}</UniqueIdentifier>
    </Filter>
    <Filter Include="Header Files\material\surface-modeling\bsdf\library">
      <UniqueIdentifier>{4cc682f0-2753-4133-a2f7-1137f73a1ba7}</UniqueIdentifier>
    </Filter>
    <Filter Include="Source Files\material\interface">
      <UniqueIdentifier>{ee1a65dc-432b-44a1-9507-b2268ed9484c}</UniqueIdentifier>
    </Filter>
    <Filter Include="Source Files\material\interface\library">
      <UniqueIdentifier>{71e49133-c41b-4971-ad99-3ef7ed4c1628}</UniqueIdentifier>
    </Filter>
    <Filter Include="Source Files\material\surface-modeling">
      <UniqueIdentifier>{b6f488fd-35a7-4ab8-94ba-143b4f1491e0}</UniqueIdentifier>
    </Filter>
    <Filter Include="Source Files\material\surface-modeling\bsdf">
      <UniqueIdentifier>{f7860d8f-8017-4ff9-93df-7cac58efda08}</UniqueIdentifier>
    </Filter>
    <Filter Include="Source Files\material\surface-modeling\bsdf\library">
      <UniqueIdentifier>{ff7e7e50-0e34-4be3-9502-654fe2c2bce3}</UniqueIdentifier>
    </Filter>
    <Filter Include="Source Files\material\surface-modeling\media-interface">
      <UniqueIdentifier>{3c8dba32-1d04-4217-9ee1-183697545ab3}</UniqueIdentifier>
    </Filter>
    <Filter Include="Header Files\material\surface-modeling\media-interface">
      <UniqueIdentifier>{c6a7a6ee-afee-4419-baff-211150384661}</UniqueIdentifier>
    </Filter>
    <Filter Include="Header Files\emitter\sampler">
      <UniqueIdentifier>{eecd3da7-f301-462e-bcc4-8c5a297344d7}</UniqueIdentifier>
    </Filter>
    <Filter Include="Source Files\emitter\sampler">
      <UniqueIdentifier>{06b4d31e-b294-4cb9-87f4-a7e1c339eb0c}</UniqueIdentifier>
    </Filter>
    <Filter Include="Header Files\primitives">
      <UniqueIdentifier>{c9dbeaef-19b1-44fb-80ca-c9cee3f0e6d0}</UniqueIdentifier>
    </Filter>
    <Filter Include="Source Files\primitives">
      <UniqueIdentifier>{0dae93d1-ec3c-4227-8f92-af96102ef0ae}</UniqueIdentifier>
    </Filter>
    <Filter Include="Source Files\emitter\ray-container">
      <UniqueIdentifier>{7a7146ae-f781-47c8-9f7d-415d7bf99e60}</UniqueIdentifier>
    </Filter>
    <Filter Include="Header Files\emitter\ray-container">
      <UniqueIdentifier>{ce1f77b5-50ae-443b-93ed-cd76bf60c8fa}</UniqueIdentifier>
    </Filter>
    <Filter Include="Header Files\spatial-partitioning">
      <UniqueIdentifier>{7210e93d-c187-4ed9-b708-38c782804c55}</UniqueIdentifier>
    </Filter>
    <Filter Include="Header Files\os">
      <UniqueIdentifier>{fa088081-8ff5-4fb9-9485-b0c70b388c0c}</UniqueIdentifier>
    </Filter>
    <Filter Include="Source Files\os">
      <UniqueIdentifier>{df3763e2-a1e5-4c08-aaa4-6785b6d57a7e}</UniqueIdentifier>
    </Filter>
    <Filter Include="Source Files\material\surface-modeling\microfacet-model">
      <UniqueIdentifier>{eda51e41-f495-457e-a594-0cb7c2378661}</UniqueIdentifier>
    </Filter>
    <Filter Include="Header Files\material\surface-modeling\microfacet-distribution">
      <UniqueIdentifier>{38f44da1-6469-457c-b9e5-a0af4566f4e7}</UniqueIdentifier>
    </Filter>
    <Filter Include="Header Files\debugging\statistics">
      <UniqueIdentifier>{26538a91-db05-4c5b-bc3f-8387719b2f16}</UniqueIdentifier>
    </Filter>
    <Filter Include="Header Files\output\jpeg">
      <UniqueIdentifier>{d7642a27-f9d5-415a-b864-0998e21f038c}</UniqueIdentifier>
    </Filter>
    <Filter Include="Source Files\output\jpeg">
      <UniqueIdentifier>{7fcfae2e-597d-4da6-a0e0-a2516719cd0c}</UniqueIdentifier>
    </Filter>
    <Filter Include="Header Files\image-plane">
      <UniqueIdentifier>{e16ff8e5-1136-4bb3-8b2f-0cf546010d6a}</UniqueIdentifier>
    </Filter>
    <Filter Include="Header Files\image-plane\convolution">
      <UniqueIdentifier>{62e92eab-91e2-4add-9cfb-210607981fcb}</UniqueIdentifier>
    </Filter>
    <Filter Include="Source Files\image-plane">
      <UniqueIdentifier>{988aec5c-3d6c-4273-932b-07c96b1c7169}</UniqueIdentifier>
    </Filter>
    <Filter Include="Source Files\image-plane\convolution">
      <UniqueIdentifier>{6b2418ef-5c17-42fc-9092-f1f57512b3cb}</UniqueIdentifier>
    </Filter>
    <Filter Include="Header Files\image-plane\convolution\lib">
      <UniqueIdentifier>{21cfe823-8988-4b67-ba1e-3fd99f243709}</UniqueIdentifier>
    </Filter>
    <Filter Include="Source Files\image-plane\convolution\lib">
      <UniqueIdentifier>{f5068905-5177-4136-af27-3c6743427983}</UniqueIdentifier>
    </Filter>
    <Filter Include="Header Files\camera-emulation\diffraction">
      <UniqueIdentifier>{5beac397-109f-4608-b320-a3ca3520661e}</UniqueIdentifier>
    </Filter>
    <Filter Include="Source Files\camera-emulation\diffraction">
      <UniqueIdentifier>{d88be538-9844-422d-97d6-cf0a21d3077b}</UniqueIdentifier>
    </Filter>
    <Filter Include="Header Files\color">
      <UniqueIdentifier>{f30a3f27-b0fb-4411-9765-851784ec6c82}</UniqueIdentifier>
    </Filter>
    <Filter Include="Source Files\color">
      <UniqueIdentifier>{2658ff2e-0936-4726-a15e-48f11d4346b6}</UniqueIdentifier>
    </Filter>
    <Filter Include="Header Files\math\maps">
      <UniqueIdentifier>{61cdf03b-ad12-48e5-8bb3-a1933704d404}</UniqueIdentifier>
    </Filter>
    <Filter Include="Source Files\math\maps">
      <UniqueIdentifier>{d84a2f0b-44d7-4eba-bf6a-20c10a9135a5}</UniqueIdentifier>
    </Filter>
    <Filter Include="Header Files\nodes">
      <UniqueIdentifier>{b5a6d8d5-3d50-43fe-ad17-d4ed3e2a3377}</UniqueIdentifier>
    </Filter>
    <Filter Include="Header Files\nodes\library">
      <UniqueIdentifier>{6bbda7a1-4ed0-4ec7-be11-fac60817253a}</UniqueIdentifier>
    </Filter>
    <Filter Include="Source Files\nodes">
      <UniqueIdentifier>{d495052b-39d0-4eba-952d-84694afada18}</UniqueIdentifier>
    </Filter>
    <Filter Include="Source Files\nodes\library">
      <UniqueIdentifier>{587db5d8-d63a-407c-84d6-8d9ea918eafd}</UniqueIdentifier>
    </Filter>
    <Filter Include="Source Files\nodes\output-ports">
      <UniqueIdentifier>{0e8cb533-eb43-461e-96a6-abebbdc54fc6}</UniqueIdentifier>
    </Filter>
    <Filter Include="Header Files\nodes\output-ports">
      <UniqueIdentifier>{b90e59bd-f9d0-4512-9e59-faf14721699d}</UniqueIdentifier>
    </Filter>
    <Filter Include="Header Files\nodes\output-ports\operations">
      <UniqueIdentifier>{0f797a0f-03af-4393-a684-988a578907a6}</UniqueIdentifier>
    </Filter>
    <Filter Include="Header Files\nodes\output-ports\objects">
      <UniqueIdentifier>{5b859a31-5064-4dc2-b15b-fa6f49f7bc94}</UniqueIdentifier>
    </Filter>
    <Filter Include="Source Files\nodes\output-ports\objects">
      <UniqueIdentifier>{3a91b852-5ade-482a-83b0-344a5f0b6556}</UniqueIdentifier>
    </Filter>
    <Filter Include="Source Files\nodes\output-ports\operations">
      <UniqueIdentifier>{f142cbcd-03f8-4292-b817-5637529626ab}</UniqueIdentifier>
    </Filter>
  </ItemGroup>
  <ItemGroup>
    <ClCompile Include="..\..\src\scene_geometry.cpp">
      <Filter>Source Files\geometry</Filter>
    </ClCompile>
    <ClCompile Include="..\..\src\sphere_primitive.cpp">
      <Filter>Source Files\geometry</Filter>
    </ClCompile>
    <ClCompile Include="..\..\src\scene_object.cpp">
      <Filter>Source Files\scene</Filter>
    </ClCompile>
    <ClCompile Include="..\..\src\light_ray.cpp">
      <Filter>Source Files\ray-tracer</Filter>
    </ClCompile>
    <ClCompile Include="..\..\src\ray_tracer.cpp">
      <Filter>Source Files\ray-tracer</Filter>
    </ClCompile>
    <ClCompile Include="..\..\src\scene.cpp">
      <Filter>Source Files\scene</Filter>
    </ClCompile>
    <ClCompile Include="..\..\src\manta_math_float_simd.cpp">
      <Filter>Source Files\math</Filter>
    </ClCompile>
    <ClCompile Include="..\..\src\manta_math_single.cpp">
      <Filter>Source Files\math</Filter>
    </ClCompile>
    <ClCompile Include="stack_allocator.cpp">
      <Filter>Source Files\memory-management</Filter>
    </ClCompile>
    <ClCompile Include="..\..\src\spherical_surface.cpp">
      <Filter>Source Files\camera-emulation</Filter>
    </ClCompile>
    <ClCompile Include="..\..\src\biconvex_lens.cpp">
      <Filter>Source Files\camera-emulation\lens-elements</Filter>
    </ClCompile>
    <ClCompile Include="..\..\src\lens_element.cpp">
      <Filter>Source Files\camera-emulation</Filter>
    </ClCompile>
    <ClCompile Include="..\..\src\circular_aperture.cpp">
      <Filter>Source Files\camera-emulation\apertures</Filter>
    </ClCompile>
    <ClCompile Include="..\..\src\lens.cpp">
      <Filter>Source Files\camera-emulation</Filter>
    </ClCompile>
    <ClCompile Include="..\..\src\simple_lens.cpp">
      <Filter>Source Files\camera-emulation\lenses</Filter>
    </ClCompile>
    <ClCompile Include="..\..\src\lens_camera_ray_emitter.cpp">
      <Filter>Source Files\emitter\lens-camera-ray-emitter</Filter>
    </ClCompile>
    <ClCompile Include="..\..\src\lens_camera_ray_emitter_group.cpp">
      <Filter>Source Files\emitter\lens-camera-ray-emitter</Filter>
    </ClCompile>
    <ClCompile Include="..\..\src\mesh.cpp">
      <Filter>Source Files\geometry</Filter>
    </ClCompile>
    <ClCompile Include="..\..\src\worker.cpp">
      <Filter>Source Files\ray-tracer</Filter>
    </ClCompile>
    <ClCompile Include="..\..\src\job_queue.cpp">
      <Filter>Source Files\ray-tracer\utilities</Filter>
    </ClCompile>
    <ClCompile Include="..\..\src\obj_file_loader.cpp">
      <Filter>Source Files\geometry\utilities</Filter>
    </ClCompile>
    <ClCompile Include="..\..\src\gpu_manager_opencl.cpp">
      <Filter>Source Files\hardware-acceleration\opencl</Filter>
    </ClCompile>
    <ClCompile Include="..\..\src\gpu_memory_opencl.cpp">
      <Filter>Source Files\hardware-acceleration\opencl</Filter>
    </ClCompile>
    <ClCompile Include="..\..\src\gpu_kernel_opencl.cpp">
      <Filter>Source Files\hardware-acceleration\opencl</Filter>
    </ClCompile>
    <ClCompile Include="..\..\src\path_recorder.cpp">
      <Filter>Source Files\debugging\path-recording</Filter>
    </ClCompile>
    <ClCompile Include="..\..\src\raw_file.cpp">
      <Filter>Source Files\output</Filter>
    </ClCompile>
    <ClCompile Include="..\..\src\camera_ray_emitter_group.cpp">
      <Filter>Source Files\emitter\camera-ray-emitter</Filter>
    </ClCompile>
    <ClCompile Include="..\..\src\octree.cpp">
      <Filter>Source Files\spatial-partitioning</Filter>
    </ClCompile>
    <ClCompile Include="..\..\src\manta_math.cpp">
      <Filter>Source Files\math</Filter>
    </ClCompile>
    <ClCompile Include="..\..\src\standard_allocator.cpp">
      <Filter>Source Files\memory-management</Filter>
    </ClCompile>
    <ClCompile Include="..\..\src\bsdf.cpp">
      <Filter>Source Files\material\surface-modeling\bsdf</Filter>
    </ClCompile>
    <ClCompile Include="..\..\src\material.cpp">
      <Filter>Source Files\material\interface</Filter>
    </ClCompile>
    <ClCompile Include="..\..\src\material_manager.cpp">
      <Filter>Source Files\material\interface</Filter>
    </ClCompile>
    <ClCompile Include="..\..\src\dielectric_media_interface.cpp">
      <Filter>Source Files\material\surface-modeling\media-interface</Filter>
    </ClCompile>
    <ClCompile Include="..\..\src\lambertian_bsdf.cpp">
      <Filter>Source Files\material\surface-modeling\bsdf\library</Filter>
    </ClCompile>
    <ClCompile Include="..\..\src\sampler_2d.cpp">
      <Filter>Source Files\emitter\sampler</Filter>
    </ClCompile>
    <ClCompile Include="..\..\src\grid_sampler.cpp">
      <Filter>Source Files\emitter\sampler</Filter>
    </ClCompile>
    <ClCompile Include="..\..\src\camera_ray_emitter.cpp">
      <Filter>Source Files\emitter\camera-ray-emitter</Filter>
    </ClCompile>
    <ClCompile Include="..\..\src\standard_camera_ray_emitter.cpp">
      <Filter>Source Files\emitter\camera-ray-emitter</Filter>
    </ClCompile>
    <ClCompile Include="..\..\src\standard_camera_ray_emitter_group.cpp">
      <Filter>Source Files\emitter\camera-ray-emitter</Filter>
    </ClCompile>
    <ClCompile Include="..\..\src\random_sampler.cpp">
      <Filter>Source Files\emitter\sampler</Filter>
    </ClCompile>
    <ClCompile Include="..\..\src\simple_sampler.cpp">
      <Filter>Source Files\emitter\sampler</Filter>
    </ClCompile>
    <ClCompile Include="..\..\src\kd_tree.cpp">
      <Filter>Source Files\spatial-partitioning</Filter>
    </ClCompile>
    <ClCompile Include="..\..\src\primitives.cpp">
      <Filter>Source Files\primitives</Filter>
    </ClCompile>
    <ClCompile Include="..\..\src\ray_container.cpp">
      <Filter>Source Files\emitter\ray-container</Filter>
    </ClCompile>
    <ClCompile Include="..\..\src\os_utilities.cpp">
      <Filter>Source Files\os</Filter>
    </ClCompile>
    <ClCompile Include="..\..\src\single_color_node.cpp">
      <Filter>Source Files\nodes\library</Filter>
    </ClCompile>
    <ClCompile Include="..\..\src\texture_node.cpp">
      <Filter>Source Files\nodes\library</Filter>
    </ClCompile>
    <ClCompile Include="..\..\src\perfect_specular_reflection_bsdf.cpp">
      <Filter>Source Files\material\surface-modeling\bsdf\library</Filter>
    </ClCompile>
    <ClCompile Include="..\..\src\microfacet_distribution.cpp">
      <Filter>Source Files\material\surface-modeling\microfacet-model</Filter>
    </ClCompile>
    <ClCompile Include="..\..\src\phong_distribution.cpp">
      <Filter>Source Files\material\surface-modeling\microfacet-model</Filter>
    </ClCompile>
    <ClCompile Include="..\..\src\microfacet_reflection_bsdf.cpp">
      <Filter>Source Files\material\surface-modeling\bsdf\library</Filter>
    </ClCompile>
    <ClCompile Include="..\..\src\bilayer_bsdf.cpp">
      <Filter>Source Files\material\surface-modeling\bsdf\library</Filter>
    </ClCompile>
    <ClCompile Include="..\..\src\simple_bsdf_material.cpp">
      <Filter>Source Files\material\interface\library</Filter>
    </ClCompile>
    <ClCompile Include="..\..\src\microfacet_transmission_bsdf.cpp">
      <Filter>Source Files\material\surface-modeling\bsdf\library</Filter>
    </ClCompile>
    <ClCompile Include="..\..\src\microfacet_glass_bsdf.cpp">
      <Filter>Source Files\material\surface-modeling\bsdf\library</Filter>
    </ClCompile>
    <ClCompile Include="..\..\src\material_pointer.cpp">
      <Filter>Source Files\material\interface\library</Filter>
    </ClCompile>
    <ClCompile Include="..\..\src\power_node.cpp">
      <Filter>Source Files\material\interface\library</Filter>
    </ClCompile>
    <ClCompile Include="..\..\src\jpeg_writer.cpp">
      <Filter>Source Files\output\jpeg</Filter>
    </ClCompile>
    <ClCompile Include="..\..\src\image_byte_buffer.cpp">
      <Filter>Source Files\image-plane</Filter>
    </ClCompile>
    <ClCompile Include="..\..\src\image_handling.cpp">
      <Filter>Source Files\output</Filter>
    </ClCompile>
    <ClCompile Include="..\..\src\ggx_distribution.cpp">
      <Filter>Source Files\material\surface-modeling\microfacet-model</Filter>
    </ClCompile>
    <ClCompile Include="..\..\src\square_aperture.cpp">
      <Filter>Source Files\camera-emulation\apertures</Filter>
    </ClCompile>
    <ClCompile Include="..\..\src\polygonal_aperture.cpp">
      <Filter>Source Files\camera-emulation\apertures</Filter>
    </ClCompile>
    <ClCompile Include="..\..\src\image_plane.cpp">
      <Filter>Source Files\image-plane</Filter>
    </ClCompile>
    <ClCompile Include="..\..\src\convolution.cpp">
      <Filter>Source Files\image-plane\convolution</Filter>
    </ClCompile>
    <ClCompile Include="..\..\src\starburst_approximation.cpp">
      <Filter>Source Files\image-plane\convolution\lib</Filter>
    </ClCompile>
    <ClCompile Include="..\..\src\circle_convolution.cpp">
      <Filter>Source Files\image-plane\convolution\lib</Filter>
    </ClCompile>
    <ClCompile Include="..\..\src\signal_processing.cpp">
      <Filter>Source Files\math</Filter>
    </ClCompile>
    <ClCompile Include="..\..\src\cft_estimator_2d.cpp">
      <Filter>Source Files\math</Filter>
    </ClCompile>
    <ClCompile Include="..\..\src\fraunhofer_diffraction.cpp">
      <Filter>Source Files\camera-emulation\diffraction</Filter>
    </ClCompile>
    <ClCompile Include="..\..\src\cmf_table.cpp">
      <Filter>Source Files\color</Filter>
    </ClCompile>
    <ClCompile Include="..\..\src\rgb_space.cpp">
      <Filter>Source Files\color</Filter>
    </ClCompile>
    <ClCompile Include="..\..\src\spectrum.cpp">
      <Filter>Source Files\color</Filter>
    </ClCompile>
    <ClCompile Include="..\..\src\complex_map_2d.cpp">
      <Filter>Source Files\math\maps</Filter>
    </ClCompile>
    <ClCompile Include="..\..\src\vector_map_2d.cpp">
      <Filter>Source Files\math\maps</Filter>
    </ClCompile>
    <ClCompile Include="..\..\src\mipmap.cpp">
      <Filter>Source Files\math\maps</Filter>
    </ClCompile>
    <ClCompile Include="..\..\src\node.cpp">
      <Filter>Source Files\nodes</Filter>
    </ClCompile>
    <ClCompile Include="..\..\src\image_file_node.cpp">
      <Filter>Source Files\nodes</Filter>
    </ClCompile>
    <ClCompile Include="..\..\src\image_output_node.cpp">
      <Filter>Source Files\nodes</Filter>
    </ClCompile>
    <ClCompile Include="..\..\src\convolution_node.cpp">
      <Filter>Source Files\nodes</Filter>
    </ClCompile>
    <ClCompile Include="..\..\src\vector_map_2d_node_output.cpp">
      <Filter>Source Files\nodes\output-ports</Filter>
    </ClCompile>
    <ClCompile Include="..\..\src\single_vector_node_output.cpp">
      <Filter>Source Files\nodes\output-ports</Filter>
    </ClCompile>
    <ClCompile Include="..\..\src\power_node_output.cpp">
      <Filter>Source Files\nodes\output-ports\operations</Filter>
    </ClCompile>
    <ClCompile Include="..\..\src\remap_node_output.cpp">
      <Filter>Source Files\nodes\output-ports\operations</Filter>
    </ClCompile>
    <ClCompile Include="..\..\src\vector_node_output.cpp">
      <Filter>Source Files\nodes\output-ports</Filter>
    </ClCompile>
    <ClCompile Include="..\..\src\bsdf_node_output.cpp">
      <Filter>Source Files\nodes\output-ports\objects</Filter>
    </ClCompile>
    <ClCompile Include="..\..\src\media_interface_node_output.cpp">
      <Filter>Source Files\nodes\output-ports\objects</Filter>
    </ClCompile>
    <ClCompile Include="..\..\src\microfacet_distribution_node_output.cpp">
      <Filter>Source Files\nodes\output-ports\objects</Filter>
    </ClCompile>
    <ClCompile Include="..\..\src\ramp_node_output.cpp">
      <Filter>Source Files\nodes\output-ports\operations</Filter>
    </ClCompile>
    <ClCompile Include="..\..\src\ramp_node.cpp">
      <Filter>Source Files\nodes\library</Filter>
    </ClCompile>
    <ClCompile Include="..\..\include\media_interface.cpp">
      <Filter>Source Files\material\surface-modeling\media-interface</Filter>
    </ClCompile>
    <ClCompile Include="..\..\src\remap_node.cpp">
      <Filter>Source Files\nodes</Filter>
    </ClCompile>
    <ClCompile Include="..\..\src\multiply_node_output.cpp">
      <Filter>Source Files\nodes\output-ports\operations</Filter>
    </ClCompile>
    <ClCompile Include="..\..\src\multiply_node.cpp">
      <Filter>Source Files\nodes\library</Filter>
    </ClCompile>
  </ItemGroup>
  <ItemGroup>
    <ClInclude Include="..\..\include\sphere_primitive.h">
      <Filter>Header Files\geometry</Filter>
    </ClInclude>
    <ClInclude Include="..\..\include\scene_object.h">
      <Filter>Header Files\scene</Filter>
    </ClInclude>
    <ClInclude Include="..\..\include\light_ray.h">
      <Filter>Header Files\ray-tracer</Filter>
    </ClInclude>
    <ClInclude Include="..\..\include\ray_tracer.h">
      <Filter>Header Files\ray-tracer</Filter>
    </ClInclude>
    <ClInclude Include="..\..\include\scene.h">
      <Filter>Header Files\scene</Filter>
    </ClInclude>
    <ClInclude Include="..\..\include\manta_math_float_simd.h">
      <Filter>Header Files\math</Filter>
    </ClInclude>
    <ClInclude Include="..\..\include\manta_math.h">
      <Filter>Header Files\math</Filter>
    </ClInclude>
    <ClInclude Include="..\..\include\manta_math_conf.h">
      <Filter>Header Files\math</Filter>
    </ClInclude>
    <ClInclude Include="..\..\include\manta_math_single.h">
      <Filter>Header Files\math</Filter>
    </ClInclude>
    <ClInclude Include="..\..\include\manta_real.h">
      <Filter>Header Files\math</Filter>
    </ClInclude>
    <ClInclude Include="..\..\include\stack_allocator.h">
      <Filter>Header Files\memory-management</Filter>
    </ClInclude>
    <ClInclude Include="..\..\include\memory_management.h">
      <Filter>Header Files\memory-management</Filter>
    </ClInclude>
    <ClInclude Include="..\..\include\lens_element.h">
      <Filter>Header Files\camera-emulation</Filter>
    </ClInclude>
    <ClInclude Include="..\..\include\spherical_surface.h">
      <Filter>Header Files\camera-emulation</Filter>
    </ClInclude>
    <ClInclude Include="..\..\include\biconvex_lens.h">
      <Filter>Header Files\camera-emulation\lens-elements</Filter>
    </ClInclude>
    <ClInclude Include="..\..\include\aperture.h">
      <Filter>Header Files\camera-emulation</Filter>
    </ClInclude>
    <ClInclude Include="..\..\include\circular_aperture.h">
      <Filter>Header Files\camera-emulation\apertures</Filter>
    </ClInclude>
    <ClInclude Include="..\..\include\lens.h">
      <Filter>Header Files\camera-emulation</Filter>
    </ClInclude>
    <ClInclude Include="..\..\include\simple_lens.h">
      <Filter>Header Files\camera-emulation\lenses</Filter>
    </ClInclude>
    <ClInclude Include="..\..\include\lens_camera_ray_emitter.h">
      <Filter>Header Files\emitter\lens-camera-ray-emitter</Filter>
    </ClInclude>
    <ClInclude Include="..\..\include\lens_camera_ray_emitter_group.h">
      <Filter>Header Files\emitter\lens-camera-ray-emitter</Filter>
    </ClInclude>
    <ClInclude Include="..\..\include\scene_geometry.h">
      <Filter>Header Files\geometry</Filter>
    </ClInclude>
    <ClInclude Include="..\..\include\mesh.h">
      <Filter>Header Files\geometry</Filter>
    </ClInclude>
    <ClInclude Include="..\..\include\obj_file_loader.h">
      <Filter>Header Files\geometry\utilities</Filter>
    </ClInclude>
    <ClInclude Include="..\..\include\worker.h">
      <Filter>Header Files\ray-tracer</Filter>
    </ClInclude>
    <ClInclude Include="..\..\include\job_queue.h">
      <Filter>Header Files\ray-tracer\utilities</Filter>
    </ClInclude>
    <ClInclude Include="..\..\include\gpu_manager.h">
      <Filter>Header Files\hardware-acceleration</Filter>
    </ClInclude>
    <ClInclude Include="..\..\include\gpu_memory.h">
      <Filter>Header Files\hardware-acceleration</Filter>
    </ClInclude>
    <ClInclude Include="..\..\include\gpu_manager_opencl.h">
      <Filter>Header Files\hardware-acceleration\opencl</Filter>
    </ClInclude>
    <ClInclude Include="..\..\include\gpu_memory_opencl.h">
      <Filter>Header Files\hardware-acceleration\opencl</Filter>
    </ClInclude>
    <ClInclude Include="..\..\include\gpu_kernel.h">
      <Filter>Header Files\hardware-acceleration</Filter>
    </ClInclude>
    <ClInclude Include="..\..\include\gpu_kernel_opencl.h">
      <Filter>Header Files\hardware-acceleration\opencl</Filter>
    </ClInclude>
    <ClInclude Include="..\..\include\path_recorder.h">
      <Filter>Header Files\debugging\path-recording</Filter>
    </ClInclude>
    <ClInclude Include="..\..\include\manta.h">
      <Filter>Header Files\manta</Filter>
    </ClInclude>
    <ClInclude Include="..\..\include\raw_file.h">
      <Filter>Header Files\output</Filter>
    </ClInclude>
    <ClInclude Include="..\..\include\camera_ray_emitter_group.h">
      <Filter>Header Files\emitter\camera-ray-emitter</Filter>
    </ClInclude>
    <ClInclude Include="..\..\include\octree.h">
      <Filter>Header Files\spatial-partitioning</Filter>
    </ClInclude>
    <ClInclude Include="..\..\include\geometry.h">
      <Filter>Header Files\geometry</Filter>
    </ClInclude>
    <ClInclude Include="..\..\include\stack_list.h">
      <Filter>Header Files\memory-management</Filter>
    </ClInclude>
    <ClInclude Include="..\..\include\standard_allocator.h">
      <Filter>Header Files\memory-management</Filter>
    </ClInclude>
    <ClInclude Include="..\..\include\intersection_point.h">
      <Filter>Header Files\ray-tracer</Filter>
    </ClInclude>
    <ClInclude Include="..\..\include\bsdf.h">
      <Filter>Header Files\material\surface-modeling\bsdf</Filter>
    </ClInclude>
    <ClInclude Include="..\..\include\material.h">
      <Filter>Header Files\material\interface</Filter>
    </ClInclude>
    <ClInclude Include="..\..\include\material_manager.h">
      <Filter>Header Files\material\interface</Filter>
    </ClInclude>
    <ClInclude Include="..\..\include\media_interface.h">
      <Filter>Header Files\material\surface-modeling\media-interface</Filter>
    </ClInclude>
    <ClInclude Include="..\..\include\opaque_media_interface.h">
      <Filter>Header Files\material\surface-modeling\media-interface</Filter>
    </ClInclude>
    <ClInclude Include="..\..\include\dielectric_media_interface.h">
      <Filter>Header Files\material\surface-modeling\media-interface</Filter>
    </ClInclude>
    <ClInclude Include="..\..\include\lambertian_bsdf.h">
      <Filter>Header Files\material\surface-modeling\bsdf\library</Filter>
    </ClInclude>
    <ClInclude Include="..\..\include\sampler_2d.h">
      <Filter>Header Files\emitter\sampler</Filter>
    </ClInclude>
    <ClInclude Include="..\..\include\grid_sampler.h">
      <Filter>Header Files\emitter\sampler</Filter>
    </ClInclude>
    <ClInclude Include="..\..\include\standard_camera_ray_emitter.h">
      <Filter>Header Files\emitter\camera-ray-emitter</Filter>
    </ClInclude>
    <ClInclude Include="..\..\include\camera_ray_emitter.h">
      <Filter>Header Files\emitter\camera-ray-emitter</Filter>
    </ClInclude>
    <ClInclude Include="..\..\include\standard_camera_ray_emitter_group.h">
      <Filter>Header Files\emitter\camera-ray-emitter</Filter>
    </ClInclude>
    <ClInclude Include="..\..\include\random_sampler.h">
      <Filter>Header Files\emitter\sampler</Filter>
    </ClInclude>
    <ClInclude Include="..\..\include\simple_sampler.h">
      <Filter>Header Files\emitter\sampler</Filter>
    </ClInclude>
    <ClInclude Include="..\..\include\kd_tree.h">
      <Filter>Header Files\spatial-partitioning</Filter>
    </ClInclude>
    <ClInclude Include="..\..\include\primitives.h">
      <Filter>Header Files\primitives</Filter>
    </ClInclude>
    <ClInclude Include="..\..\include\ray_container.h">
      <Filter>Header Files\emitter\ray-container</Filter>
    </ClInclude>
    <ClInclude Include="..\..\include\manta_build_conf.h">
      <Filter>Header Files\manta</Filter>
    </ClInclude>
    <ClInclude Include="..\..\include\coarse_intersection.h">
      <Filter>Header Files\ray-tracer</Filter>
    </ClInclude>
    <ClInclude Include="..\..\scripts\new_contributor.py">
      <Filter>Scripts</Filter>
    </ClInclude>
    <ClInclude Include="..\..\include\os_utilities.h">
      <Filter>Header Files\os</Filter>
    </ClInclude>
    <ClInclude Include="..\..\include\single_color_node.h">
      <Filter>Header Files\nodes\library</Filter>
    </ClInclude>
    <ClInclude Include="..\..\include\texture_node.h">
      <Filter>Header Files\nodes\library</Filter>
    </ClInclude>
    <ClInclude Include="..\..\include\perfect_specular_reflection_bsdf.h">
      <Filter>Header Files\material\surface-modeling\bsdf\library</Filter>
    </ClInclude>
    <ClInclude Include="..\..\include\microfacet_distribution.h">
      <Filter>Header Files\material\surface-modeling\microfacet-distribution</Filter>
    </ClInclude>
    <ClInclude Include="..\..\include\phong_distribution.h">
      <Filter>Header Files\material\surface-modeling\microfacet-distribution</Filter>
    </ClInclude>
    <ClInclude Include="..\..\include\microfacet_reflection_bsdf.h">
      <Filter>Header Files\material\surface-modeling\bsdf\library</Filter>
    </ClInclude>
    <ClInclude Include="..\..\include\bilayer_bsdf.h">
      <Filter>Header Files\material\surface-modeling\bsdf\library</Filter>
    </ClInclude>
    <ClInclude Include="..\..\include\simple_bsdf_material.h">
      <Filter>Header Files\material\interface\library</Filter>
    </ClInclude>
    <ClInclude Include="..\..\include\microfacet_transmission_bsdf.h">
      <Filter>Header Files\material\surface-modeling\bsdf\library</Filter>
    </ClInclude>
    <ClInclude Include="..\..\include\microfacet_glass_bsdf.h">
      <Filter>Header Files\material\surface-modeling\bsdf\library</Filter>
    </ClInclude>
    <ClInclude Include="..\..\include\material_pointer.h">
      <Filter>Header Files\material\interface\library</Filter>
    </ClInclude>
    <ClInclude Include="..\..\include\runtime_statistics.h">
      <Filter>Header Files\debugging\statistics</Filter>
    </ClInclude>
    <ClInclude Include="..\..\include\remap_node.h">
      <Filter>Header Files\nodes\library</Filter>
    </ClInclude>
    <ClInclude Include="..\..\include\power_node.h">
      <Filter>Header Files\nodes\library</Filter>
    </ClInclude>
    <ClInclude Include="..\..\include\jpeg_writer.h">
      <Filter>Header Files\output\jpeg</Filter>
    </ClInclude>
    <ClInclude Include="..\..\include\image_byte_buffer.h">
      <Filter>Header Files\image-plane</Filter>
    </ClInclude>
    <ClInclude Include="..\..\include\image_handling.h">
      <Filter>Header Files\output</Filter>
    </ClInclude>
    <ClInclude Include="..\..\include\ggx_distribution.h">
      <Filter>Header Files\material\surface-modeling\microfacet-distribution</Filter>
    </ClInclude>
    <ClInclude Include="..\..\include\square_aperture.h">
      <Filter>Header Files\camera-emulation\apertures</Filter>
    </ClInclude>
    <ClInclude Include="..\..\include\polygonal_aperture.h">
      <Filter>Header Files\camera-emulation\apertures</Filter>
    </ClInclude>
    <ClInclude Include="..\..\include\image_plane.h">
      <Filter>Header Files\image-plane</Filter>
    </ClInclude>
    <ClInclude Include="..\..\include\convolution.h">
      <Filter>Header Files\image-plane\convolution</Filter>
    </ClInclude>
    <ClInclude Include="..\..\include\circle_convolution.h">
      <Filter>Header Files\image-plane\convolution\lib</Filter>
    </ClInclude>
    <ClInclude Include="..\..\include\starburst_approximation.h">
      <Filter>Header Files\image-plane\convolution\lib</Filter>
    </ClInclude>
    <ClInclude Include="..\..\include\signal_processing.h">
      <Filter>Header Files\math</Filter>
    </ClInclude>
    <ClInclude Include="..\..\include\complex_math.h">
      <Filter>Header Files\math</Filter>
    </ClInclude>
    <ClInclude Include="..\..\include\margins.h">
      <Filter>Header Files\math</Filter>
    </ClInclude>
    <ClInclude Include="..\..\include\cft_estimator_2d.h">
      <Filter>Header Files\math</Filter>
    </ClInclude>
    <ClInclude Include="..\..\include\fraunhofer_diffraction.h">
      <Filter>Header Files\camera-emulation\diffraction</Filter>
    </ClInclude>
    <ClInclude Include="..\..\include\cmf_table.h">
      <Filter>Header Files\color</Filter>
    </ClInclude>
    <ClInclude Include="..\..\include\color.h">
      <Filter>Header Files\color</Filter>
    </ClInclude>
    <ClInclude Include="..\..\include\rgb_space.h">
      <Filter>Header Files\color</Filter>
    </ClInclude>
    <ClInclude Include="..\..\include\spectrum.h">
      <Filter>Header Files\color</Filter>
    </ClInclude>
    <ClInclude Include="..\..\include\scalar_map_2d.h">
      <Filter>Header Files\math\maps</Filter>
    </ClInclude>
    <ClInclude Include="..\..\include\vector_map_2d.h">
      <Filter>Header Files\math\maps</Filter>
    </ClInclude>
    <ClInclude Include="..\..\include\complex_map_2d.h">
      <Filter>Header Files\math\maps</Filter>
    </ClInclude>
    <ClInclude Include="..\..\include\mipmap.h">
      <Filter>Header Files\math\maps</Filter>
    </ClInclude>
    <ClInclude Include="..\..\include\node.h">
      <Filter>Header Files\nodes</Filter>
    </ClInclude>
    <ClInclude Include="..\..\include\node_type.h">
      <Filter>Header Files\nodes</Filter>
    </ClInclude>
    <ClInclude Include="..\..\include\image_output_node.h">
      <Filter>Header Files\nodes</Filter>
    </ClInclude>
    <ClInclude Include="..\..\include\convolution_node.h">
      <Filter>Header Files\nodes</Filter>
    </ClInclude>
    <ClInclude Include="..\..\include\vector_map_wrapper_node.h">
      <Filter>Header Files\nodes</Filter>
    </ClInclude>
    <ClInclude Include="..\..\include\vector_node_output.h">
      <Filter>Header Files\nodes\output-ports</Filter>
    </ClInclude>
    <ClInclude Include="..\..\include\image_file_node.h">
      <Filter>Header Files\nodes</Filter>
    </ClInclude>
    <ClInclude Include="..\..\include\vector_map_2d_node_output.h">
      <Filter>Header Files\nodes\output-ports</Filter>
    </ClInclude>
    <ClInclude Include="..\..\include\node_output.h">
      <Filter>Header Files\nodes\output-ports</Filter>
    </ClInclude>
    <ClInclude Include="..\..\include\single_vector_node_output.h">
      <Filter>Header Files\nodes\output-ports</Filter>
    </ClInclude>
    <ClInclude Include="..\..\include\bsdf_node_output.h">
      <Filter>Header Files\nodes\output-ports\objects</Filter>
    </ClInclude>
    <ClInclude Include="..\..\include\media_interface_node_output.h">
      <Filter>Header Files\nodes\output-ports\objects</Filter>
    </ClInclude>
    <ClInclude Include="..\..\include\microfacet_distribution_node_output.h">
      <Filter>Header Files\nodes\output-ports\objects</Filter>
    </ClInclude>
    <ClInclude Include="..\..\include\power_node_output.h">
      <Filter>Header Files\nodes\output-ports\operations</Filter>
    </ClInclude>
    <ClInclude Include="..\..\include\remap_node_output.h">
      <Filter>Header Files\nodes\output-ports\operations</Filter>
    </ClInclude>
    <ClInclude Include="..\..\include\ramp_node_output.h">
      <Filter>Header Files\nodes\output-ports\operations</Filter>
    </ClInclude>
    <ClInclude Include="..\..\include\ramp_node.h">
      <Filter>Header Files\nodes\library</Filter>
    </ClInclude>
    <ClInclude Include="..\..\include\multiply_node_output.h">
      <Filter>Header Files\nodes\output-ports\operations</Filter>
    </ClInclude>
    <ClInclude Include="..\..\include\multiply_node.h">
      <Filter>Header Files\nodes\library</Filter>
    </ClInclude>
  </ItemGroup>
  <ItemGroup>
    <None Include="..\..\opencl_programs\mantaray.cl">
      <Filter>OpenCL Programs</Filter>
    </None>
    <None Include="..\..\scripts\increment_build_version.py">
      <Filter>Scripts</Filter>
    </None>
  </ItemGroup>
</Project>