<?xml version="1.0" encoding="utf-8"?>
<Project ToolsVersion="4.0" xmlns="http://schemas.microsoft.com/developer/msbuild/2003">
  <ItemGroup>
    <ClCompile Include="pch.cpp" />
    <ClCompile Include="..\..\test\integration_testing.cpp">
      <Filter>Tests</Filter>
    </ClCompile>
    <ClCompile Include="..\..\test\math_tests.cpp">
      <Filter>Tests</Filter>
    </ClCompile>
    <ClCompile Include="..\..\test\primitives.cpp">
      <Filter>Tests</Filter>
    </ClCompile>
    <ClCompile Include="..\..\test\sanity_check.cpp">
      <Filter>Tests</Filter>
    </ClCompile>
    <ClCompile Include="..\..\test\memory_tests.cpp">
      <Filter>Tests</Filter>
    </ClCompile>
  </ItemGroup>
  <ItemGroup>
    <ClInclude Include="pch.h" />
    <ClInclude Include="..\..\test\utilities.h">
      <Filter>Tests</Filter>
    </ClInclude>
  </ItemGroup>
  <ItemGroup>
    <Filter Include="Tests">
      <UniqueIdentifier>{9bf0ba03-5ea5-4087-87f9-2f861d6fcb84}</UniqueIdentifier>
    </Filter>
  </ItemGroup>
  <ItemGroup>
    <None Include="packages.config" />
  </ItemGroup>
</Project>